version = 1
revision = 3
requires-python = "==3.9.*"

[[package]]
name = "certifi"
version = "2026.2.25"
source = { registry = "https://pypi.org/simple" }
sdist = { url = "https://files.pythonhosted.org/packages/af/2d/7bf41579a8986e348fa033a31cdd0e4121114f6bce2457e8876010b092dd/certifi-2026.2.25.tar.gz", hash = "sha256:e887ab5cee78ea814d3472169153c2d12cd43b14bd03329a39a9c6e2e80bfba7", size = 155029, upload-time = "2026-02-25T02:54:17.342Z" }
wheels = [
    { url = "https://files.pythonhosted.org/packages/9a/3c/c17fb3ca2d9c3acff52e30b309f538586f9f5b9c9cf454f3845fc9af4881/certifi-2026.2.25-py3-none-any.whl", hash = "sha256:027692e4402ad994f1c42e52a4997a9763c646b73e4096e4d5d6db8af1d6f0fa", size = 153684, upload-time = "2026-02-25T02:54:15.766Z" },
]

[[package]]
name = "charset-normalizer"
version = "3.4.6"
source = { registry = "https://pypi.org/simple" }
sdist = { url = "https://files.pythonhosted.org/packages/7b/60/e3bec1881450851b087e301bedc3daa9377a4d45f1c26aa90b0b235e38aa/charset_normalizer-3.4.6.tar.gz", hash = "sha256:1ae6b62897110aa7c79ea2f5dd38d1abca6db663687c0b1ad9aed6f6bae3d9d6", size = 143363, upload-time = "2026-03-15T18:53:25.478Z" }
wheels = [
    { url = "https://files.pythonhosted.org/packages/41/85/580dbaa12ab31041ed7df59f0bebc8893514fc21da6c05c3a1c1707d118f/charset_normalizer-3.4.6-cp39-cp39-macosx_10_9_universal2.whl", hash = "sha256:31215157227939b4fb3d740cd23fe27be0439afef67b785a1eb78a3ae69cba9e", size = 298620, upload-time = "2026-03-15T18:52:57.332Z" },
    { url = "https://files.pythonhosted.org/packages/67/2c/1e55af3a5e2f52e44396d5c5b731e0ae4f3bb92915ff09a610fb2f4497eb/charset_normalizer-3.4.6-cp39-cp39-manylinux2014_aarch64.manylinux_2_17_aarch64.manylinux_2_28_aarch64.whl", hash = "sha256:ecbbd45615a6885fe3240eb9db73b9e62518b611850fdf8ab08bd56de7ad2b17", size = 200106, upload-time = "2026-03-15T18:52:59.2Z" },
    { url = "https://files.pythonhosted.org/packages/10/42/0f2f51a1d16caa45fbf384fd337d4242df1a5b313babee211381d2d39a96/charset_normalizer-3.4.6-cp39-cp39-manylinux2014_ppc64le.manylinux_2_17_ppc64le.manylinux_2_28_ppc64le.whl", hash = "sha256:c45a03a4c69820a399f1dda9e1d8fbf3562eda46e7720458180302021b08f778", size = 220539, upload-time = "2026-03-15T18:53:01.019Z" },
    { url = "https://files.pythonhosted.org/packages/1c/0c/4e10996c740eec0f4ae8afbbbfa25f66e8479c4b6ee9cff1ca366a4f6c04/charset_normalizer-3.4.6-cp39-cp39-manylinux2014_s390x.manylinux_2_17_s390x.manylinux_2_28_s390x.whl", hash = "sha256:e8aeb10fcbe92767f0fa69ad5a72deca50d0dca07fbde97848997d778a50c9fe", size = 215821, upload-time = "2026-03-15T18:53:02.621Z" },
    { url = "https://files.pythonhosted.org/packages/46/73/205ae7644ebb581a7c6fa9c3751e283606e145f0e6f066003c66aafc9973/charset_normalizer-3.4.6-cp39-cp39-manylinux2014_x86_64.manylinux_2_17_x86_64.manylinux_2_28_x86_64.whl", hash = "sha256:54fae94be3d75f3e573c9a1b5402dc593de19377013c9a0e4285e3d402dd3a2a", size = 207917, upload-time = "2026-03-15T18:53:04.413Z" },
    { url = "https://files.pythonhosted.org/packages/b3/ca/18f7dcf19afdab8097aeb2feb8b3809bb4b6ee356cb720abf5263d79406a/charset_normalizer-3.4.6-cp39-cp39-manylinux_2_31_armv7l.whl", hash = "sha256:2f7fdd9b6e6c529d6a2501a2d36b240109e78a8ceaef5687cfcfa2bbe671d297", size = 194513, upload-time = "2026-03-15T18:53:06.025Z" },
    { url = "https://files.pythonhosted.org/packages/e4/6a/e7e3e204c8d79832a091e00b24595af1d5d9800d37dc1f67a6b264cc99a6/charset_normalizer-3.4.6-cp39-cp39-manylinux_2_31_riscv64.manylinux_2_39_riscv64.whl", hash = "sha256:4d1d02209e06550bdaef34af58e041ad71b88e624f5d825519da3a3308e22687", size = 205612, upload-time = "2026-03-15T18:53:07.494Z" },
    { url = "https://files.pythonhosted.org/packages/ff/ae/2169ebcea2851c5460c7a21993a0f87028be3c3e60899cb36251e1135cf5/charset_normalizer-3.4.6-cp39-cp39-musllinux_1_2_aarch64.whl", hash = "sha256:8bc5f0687d796c05b1e28ab0d38a50e6309906ee09375dd3aff6a9c09dd6e8f4", size = 203519, upload-time = "2026-03-15T18:53:09.048Z" },
    { url = "https://files.pythonhosted.org/packages/43/a0/6a49a925b9c225fe35dffeac5c76f68996b814c637e9d7213718f96be109/charset_normalizer-3.4.6-cp39-cp39-musllinux_1_2_armv7l.whl", hash = "sha256:ee4ec14bc1680d6b0afab9aea2ef27e26d2024f18b24a2d7155a52b60da7e833", size = 195411, upload-time = "2026-03-15T18:53:10.542Z" },
    { url = "https://files.pythonhosted.org/packages/47/f7/a26b0a18e52b1a0f11f53c2c400ed062f386ac227a64ae4be4c5a64699be/charset_normalizer-3.4.6-cp39-cp39-musllinux_1_2_ppc64le.whl", hash = "sha256:d1a2ee9c1499fc8f86f4521f27a973c914b211ffa87322f4ee33bb35392da2c5", size = 221653, upload-time = "2026-03-15T18:53:12.394Z" },
    { url = "https://files.pythonhosted.org/packages/a7/3a/ed1d3b5bb55e3634bd5c31cedbe4fff79d0e5b8d9a062f663a757a07760d/charset_normalizer-3.4.6-cp39-cp39-musllinux_1_2_riscv64.whl", hash = "sha256:48696db7f18afb80a068821504296eb0787d9ce239b91ca15059d1d3eaacf13b", size = 205650, upload-time = "2026-03-15T18:53:13.934Z" },
    { url = "https://files.pythonhosted.org/packages/b1/27/c75819eea5ceeefc49bae329327bb91e81adc346e2a9873d9fdb9e77cde6/charset_normalizer-3.4.6-cp39-cp39-musllinux_1_2_s390x.whl", hash = "sha256:4f41da960b196ea355357285ad1316a00099f22d0929fe168343b99b254729c9", size = 216919, upload-time = "2026-03-15T18:53:15.44Z" },
    { url = "https://files.pythonhosted.org/packages/0f/42/6e91bf8b15f67b7c957091138a36057a083e60703cc27848d5e36ca1eb03/charset_normalizer-3.4.6-cp39-cp39-musllinux_1_2_x86_64.whl", hash = "sha256:802168e03fba8bbc5ce0d866d589e4b1ca751d06edee69f7f3a19c5a9fe6b597", size = 210101, upload-time = "2026-03-15T18:53:17.045Z" },
    { url = "https://files.pythonhosted.org/packages/99/ff/101af2605e66a7ee59961d7f9e1060df7c92e8ea54208a02ab881422c24e/charset_normalizer-3.4.6-cp39-cp39-win32.whl", hash = "sha256:8761ac29b6c81574724322a554605608a9960769ea83d2c73e396f3df896ad54", size = 144136, upload-time = "2026-03-15T18:53:19.152Z" },
    { url = "https://files.pythonhosted.org/packages/1d/da/de5942dfbf21f28c19e9202267dabf7bc73f195465d020a3a60054520cc5/charset_normalizer-3.4.6-cp39-cp39-win_amd64.whl", hash = "sha256:1cf0a70018692f85172348fe06d3a4b63f94ecb055e13a00c644d368eb82e5b8", size = 154210, upload-time = "2026-03-15T18:53:20.576Z" },
    { url = "https://files.pythonhosted.org/packages/06/df/1b780a25b86d22b1d736f6ac883afd38ffdf30ddc18e5dc0e82211f493f1/charset_normalizer-3.4.6-cp39-cp39-win_arm64.whl", hash = "sha256:3516bbb8d42169de9e61b8520cbeeeb716f12f4ecfe3fd30a9919aa16c806ca8", size = 143225, upload-time = "2026-03-15T18:53:22.072Z" },
    { url = "https://files.pythonhosted.org/packages/2a/68/687187c7e26cb24ccbd88e5069f5ef00eba804d36dde11d99aad0838ab45/charset_normalizer-3.4.6-py3-none-any.whl", hash = "sha256:947cf925bc916d90adba35a64c82aace04fa39b46b52d4630ece166655905a69", size = 61455, upload-time = "2026-03-15T18:53:23.833Z" },
]

[[package]]
name = "idna"
version = "3.11"
source = { registry = "https://pypi.org/simple" }
sdist = { url = "https://files.pythonhosted.org/packages/6f/6d/0703ccc57f3a7233505399edb88de3cbd678da106337b9fcde432b65ed60/idna-3.11.tar.gz", hash = "sha256:795dafcc9c04ed0c1fb032c2aa73654d8e8c5023a7df64a53f39190ada629902", size = 194582, upload-time = "2025-10-12T14:55:20.501Z" }
wheels = [
    { url = "https://files.pythonhosted.org/packages/0e/61/66938bbb5fc52dbdf84594873d5b51fb1f7c7794e9c0f5bd885f30bc507b/idna-3.11-py3-none-any.whl", hash = "sha256:771a87f49d9defaf64091e6e6fe9c18d4833f140bd19464795bc32d966ca37ea", size = 71008, upload-time = "2025-10-12T14:55:18.883Z" },
]

[[package]]
name = "nncl"
version = "0.1.0"
source = { editable = "." }
dependencies = [
    { name = "openbayestool" },
    { name = "setuptools" },
    { name = "wheel" },
]

[package.metadata]
requires-dist = [
    { name = "openbayestool", specifier = ">=0.3.2" },
    { name = "setuptools", specifier = "==68.2.2" },
    { name = "wheel", specifier = ">=0.46.3" },
]

[[package]]
name = "openbayestool"
version = "0.3.2"
source = { registry = "https://pypi.org/simple" }
dependencies = [
    { name = "requests" },
]
sdist = { url = "https://files.pythonhosted.org/packages/75/a1/8eeb2cc9f1d2beec9c83fa473320d5f3d56b5e9bfe33486056dfcb1d5688/openbayestool-0.3.2.tar.gz", hash = "sha256:fac7d4796735176a2cc6a025c02d8e81d8a05eb2ba225ddd8175279980430c89", size = 4140, upload-time = "2021-04-14T06:11:11.53Z" }
wheels = [
    { url = "https://files.pythonhosted.org/packages/a2/c9/049c16b9c773419111df8f68c0cda545c02fe417d0dfae126ccbf39caed5/openbayestool-0.3.2-py3-none-any.whl", hash = "sha256:bdb34b327d659ed4567d80d58ccfd6b040b86a3fd2f9ca104ce5e7758b764832", size = 5664, upload-time = "2021-04-14T06:11:09.832Z" },
]

[[package]]
name = "packaging"
version = "26.0"
source = { registry = "https://pypi.org/simple" }
sdist = { url = "https://files.pythonhosted.org/packages/65/ee/299d360cdc32edc7d2cf530f3accf79c4fca01e96ffc950d8a52213bd8e4/packaging-26.0.tar.gz", hash = "sha256:00243ae351a257117b6a241061796684b084ed1c516a08c48a3f7e147a9d80b4", size = 143416, upload-time = "2026-01-21T20:50:39.064Z" }
wheels = [
    { url = "https://files.pythonhosted.org/packages/b7/b9/c538f279a4e237a006a2c98387d081e9eb060d203d8ed34467cc0f0b9b53/packaging-26.0-py3-none-any.whl", hash = "sha256:b36f1fef9334a5588b4166f8bcd26a14e521f2b55e6b9de3aaa80d3ff7a37529", size = 74366, upload-time = "2026-01-21T20:50:37.788Z" },
]

[[package]]
name = "requests"
version = "2.32.5"
source = { registry = "https://pypi.org/simple" }
dependencies = [
    { name = "certifi" },
    { name = "charset-normalizer" },
    { name = "idna" },
    { name = "urllib3" },
]
sdist = { url = "https://files.pythonhosted.org/packages/c9/74/b3ff8e6c8446842c3f5c837e9c3dfcfe2018ea6ecef224c710c85ef728f4/requests-2.32.5.tar.gz", hash = "sha256:dbba0bac56e100853db0ea71b82b4dfd5fe2bf6d3754a8893c3af500cec7d7cf", size = 134517, upload-time = "2025-08-18T20:46:02.573Z" }
wheels = [
    { url = "https://files.pythonhosted.org/packages/1e/db/4254e3eabe8020b458f1a747140d32277ec7a271daf1d235b70dc0b4e6e3/requests-2.32.5-py3-none-any.whl", hash = "sha256:2462f94637a34fd532264295e186976db0f5d453d1cdd31473c85a6a161affb6", size = 64738, upload-time = "2025-08-18T20:46:00.542Z" },
]

[[package]]
name = "setuptools"
version = "68.2.2"
source = { registry = "https://pypi.org/simple" }
sdist = { url = "https://files.pythonhosted.org/packages/ef/cc/93f7213b2ab5ed383f98ce8020e632ef256b406b8569606c3f160ed8e1c9/setuptools-68.2.2.tar.gz", hash = "sha256:4ac1475276d2f1c48684874089fefcd83bd7162ddaafb81fac866ba0db282a87", size = 2203338, upload-time = "2023-09-12T17:22:07.903Z" }
wheels = [
    { url = "https://files.pythonhosted.org/packages/bb/26/7945080113158354380a12ce26873dd6c1ebd88d47f5bc24e2c5bb38c16a/setuptools-68.2.2-py3-none-any.whl", hash = "sha256:b454a35605876da60632df1a60f736524eb73cc47bbc9f3f1ef1b644de74fd2a", size = 807864, upload-time = "2023-09-12T17:22:04.917Z" },
]

[[package]]
name = "urllib3"
version = "2.6.3"
source = { registry = "https://pypi.org/simple" }
sdist = { url = "https://files.pythonhosted.org/packages/c7/24/5f1b3bdffd70275f6661c76461e25f024d5a38a46f04aaca912426a2b1d3/urllib3-2.6.3.tar.gz", hash = "sha256:1b62b6884944a57dbe321509ab94fd4d3b307075e0c2eae991ac71ee15ad38ed", size = 435556, upload-time = "2026-01-07T16:24:43.925Z" }
wheels = [
    { url = "https://files.pythonhosted.org/packages/39/08/aaaad47bc4e9dc8c725e68f9d04865dbcb2052843ff09c97b08904852d84/urllib3-2.6.3-py3-none-any.whl", hash = "sha256:bf272323e553dfb2e87d9bfd225ca7b0f467b919d7bbd355436d3fd37cb0acd4", size = 131584, upload-time = "2026-01-07T16:24:42.685Z" },
]

[[package]]
name = "wheel"
version = "0.46.3"
source = { registry = "https://pypi.org/simple" }
dependencies = [
    { name = "packaging" },
]
sdist = { url = "https://files.pythonhosted.org/packages/89/24/a2eb353a6edac9a0303977c4cb048134959dd2a51b48a269dfc9dde00c8a/wheel-0.46.3.tar.gz", hash = "sha256:e3e79874b07d776c40bd6033f8ddf76a7dad46a7b8aa1b2787a83083519a1803", size = 60605, upload-time = "2026-01-22T12:39:49.136Z" }
wheels = [
    { url = "https://files.pythonhosted.org/packages/87/22/b76d483683216dde3d67cba61fb2444be8d5be289bf628c13fc0fd90e5f9/wheel-0.46.3-py3-none-any.whl", hash = "sha256:4b399d56c9d9338230118d705d9737a2a468ccca63d5e813e2a4fc7815d8bc4d", size = 30557, upload-time = "2026-01-22T12:39:48.099Z" },
]
