version = 1
revision = 3
requires-python = "==3.9.*"

[[package]]
name = "nncl"
version = "0.1.0"
source = { editable = "." }
dependencies = [
    { name = "setuptools" },
    { name = "wheel" },
]

[package.metadata]
requires-dist = [
    { name = "setuptools", specifier = "==68.2.2" },
    { name = "wheel", specifier = ">=0.46.3" },
]

[[package]]
name = "packaging"
version = "26.0"
source = { registry = "https://pypi.org/simple" }
sdist = { url = "https://files.pythonhosted.org/packages/65/ee/299d360cdc32edc7d2cf530f3accf79c4fca01e96ffc950d8a52213bd8e4/packaging-26.0.tar.gz", hash = "sha256:00243ae351a257117b6a241061796684b084ed1c516a08c48a3f7e147a9d80b4", size = 143416, upload-time = "2026-01-21T20:50:39.064Z" }
wheels = [
    { url = "https://files.pythonhosted.org/packages/b7/b9/c538f279a4e237a006a2c98387d081e9eb060d203d8ed34467cc0f0b9b53/packaging-26.0-py3-none-any.whl", hash = "sha256:b36f1fef9334a5588b4166f8bcd26a14e521f2b55e6b9de3aaa80d3ff7a37529", size = 74366, upload-time = "2026-01-21T20:50:37.788Z" },
]

[[package]]
name = "setuptools"
version = "68.2.2"
source = { registry = "https://pypi.org/simple" }
sdist = { url = "https://files.pythonhosted.org/packages/ef/cc/93f7213b2ab5ed383f98ce8020e632ef256b406b8569606c3f160ed8e1c9/setuptools-68.2.2.tar.gz", hash = "sha256:4ac1475276d2f1c48684874089fefcd83bd7162ddaafb81fac866ba0db282a87", size = 2203338, upload-time = "2023-09-12T17:22:07.903Z" }
wheels = [
    { url = "https://files.pythonhosted.org/packages/bb/26/7945080113158354380a12ce26873dd6c1ebd88d47f5bc24e2c5bb38c16a/setuptools-68.2.2-py3-none-any.whl", hash = "sha256:b454a35605876da60632df1a60f736524eb73cc47bbc9f3f1ef1b644de74fd2a", size = 807864, upload-time = "2023-09-12T17:22:04.917Z" },
]

[[package]]
name = "wheel"
version = "0.46.3"
source = { registry = "https://pypi.org/simple" }
dependencies = [
    { name = "packaging" },
]
sdist = { url = "https://files.pythonhosted.org/packages/89/24/a2eb353a6edac9a0303977c4cb048134959dd2a51b48a269dfc9dde00c8a/wheel-0.46.3.tar.gz", hash = "sha256:e3e79874b07d776c40bd6033f8ddf76a7dad46a7b8aa1b2787a83083519a1803", size = 60605, upload-time = "2026-01-22T12:39:49.136Z" }
wheels = [
    { url = "https://files.pythonhosted.org/packages/87/22/b76d483683216dde3d67cba61fb2444be8d5be289bf628c13fc0fd90e5f9/wheel-0.46.3-py3-none-any.whl", hash = "sha256:4b399d56c9d9338230118d705d9737a2a468ccca63d5e813e2a4fc7815d8bc4d", size = 30557, upload-time = "2026-01-22T12:39:48.099Z" },
]
